
Microsoft Visual Studio Solution File, Format Version 12.00
# Visual Studio Version 17
VisualStudioVersion = 17.5.33530.505
MinimumVisualStudioVersion = 10.0.40219.1
Project("{FAE04EC0-301F-11D3-BF4B-00C04F79EFBC}") = "Bookstore11", "Bookstore11\Bookstore11.csproj", "{BA13FDB1-CB56-4D7B-BBB7-92DAC5E8E507}"
EndProject
Global
	GlobalSection(SolutionConfigurationPlatforms) = preSolution
		Debug|Any CPU = Debug|Any CPU
		Release|Any CPU = Release|Any CPU
	EndGlobalSection
	GlobalSection(ProjectConfigurationPlatforms) = postSolution
		{BA13FDB1-CB56-4D7B-BBB7-92DAC5E8E507}.Debug|Any CPU.ActiveCfg = Debug|Any CPU
		{BA13FDB1-CB56-4D7B-BBB7-92DAC5E8E507}.Debug|Any CPU.Build.0 = Debug|Any CPU
		{BA13FDB1-CB56-4D7B-BBB7-92DAC5E8E507}.Release|Any CPU.ActiveCfg = Release|Any CPU
		{BA13FDB1-CB56-4D7B-BBB7-92DAC5E8E507}.Release|Any CPU.Build.0 = Release|Any CPU
	EndGlobalSection
	GlobalSection(SolutionProperties) = preSolution
		HideSolutionNode = FALSE
	EndGlobalSection
	GlobalSection(ExtensibilityGlobals) = postSolution
		SolutionGuid = {D3DC7971-DBFB-446B-B2C5-AF091C47FF4A}
	EndGlobalSection
EndGlobal
